{
  "originHash" : "e7f4722bb4e5214a6dd8527d314da423a4cc9f0a75c40d2005f9175f0281fe91",
  "pins" : [
    {
      "identity" : "sebbu-iocp",
      "kind" : "remoteSourceControl",
      "location" : "https://github.com/MarSe32m/sebbu-iocp.git",
      "state" : {
        "branch" : "main",
        "revision" : "90cddd77c439efa56d1c1015d65ad566118c9864"
      }
    },
    {
      "identity" : "sebbu-ts-ds",
      "kind" : "remoteSourceControl",
      "location" : "https://github.com/MarSe32m/sebbu-ts-ds.git",
      "state" : {
        "branch" : "main",
        "revision" : "915df952c543c2746ae70894926475052e2c3f52"
      }
    },
    {
      "identity" : "swift-collections",
      "kind" : "remoteSourceControl",
      "location" : "https://github.com/apple/swift-collections.git",
      "state" : {
        "revision" : "6675bc0ff86e61436e615df6fc5174e043e57924",
        "version" : "1.4.1"
      }
    },
    {
      "identity" : "swift-system",
      "kind" : "remoteSourceControl",
      "location" : "https://github.com/apple/swift-system.git",
      "state" : {
        "revision" : "7c6ad0fc39d0763e0b699210e4124afd5041c5df",
        "version" : "1.6.4"
      }
    }
  ],
  "version" : 3
}